{
  "version": 4,
  "terraform_version": "1.6.4",
  "serial": 21,
  "lineage": "ac95753d-13d5-8d38-1c46-76d20d952edb",
  "outputs": {
    "traffic_manager_url": {
      "value": "pavan-tf-5588.trafficmanager.net",
      "type": "string"
    },
    "webapp1_url": {
      "value": "pavan0805-webapp1.azurewebsites.net",
      "type": "string"
    },
    "webapp2_url": {
      "value": "pavan0805-webapp2.azurewebsites.net",
      "type": "string"
    }
  },
  "resources": [
    {
      "module": "module.appservice_plan_webapp1",
      "mode": "managed",
      "type": "azurerm_app_service_plan",
      "name": "asp",
      "provider": "provider[\"registry.terraform.io/hashicorp/azurerm\"]",
      "instances": [
        {
          "schema_version": 0,
          "attributes": {
            "app_service_environment_id": "",
            "id": "/subscriptions/71114d4d-f492-4644-a495-c88d5bcd6db4/resourceGroups/rg-webapp1/providers/Microsoft.Web/serverfarms/pavan0805-webapp1-asp-asp",
            "is_xenon": false,
            "kind": "Windows",
            "location": "eastus",
            "maximum_elastic_worker_count": 1,
            "maximum_number_of_workers": 3,
            "name": "pavan0805-webapp1-asp-asp",
            "per_site_scaling": false,
            "reserved": false,
            "resource_group_name": "rg-webapp1",
            "sku": [
              {
                "capacity": 1,
                "size": "B1",
                "tier": "Basic"
              }
            ],
            "tags": {},
            "timeouts": null,
            "zone_redundant": false
          },
          "sensitive_attributes": [],
          "private": "eyJlMmJmYjczMC1lY2FhLTExZTYtOGY4OC0zNDM2M2JjN2M0YzAiOnsiY3JlYXRlIjozNjAwMDAwMDAwMDAwLCJkZWxldGUiOjM2MDAwMDAwMDAwMDAsInJlYWQiOjMwMDAwMDAwMDAwMCwidXBkYXRlIjozNjAwMDAwMDAwMDAwfX0=",
          "dependencies": [
            "module.resource_group_webapp1.azurerm_resource_group.rg"
          ]
        }
      ]
    },
    {
      "module": "module.appservice_plan_webapp2",
      "mode": "managed",
      "type": "azurerm_app_service_plan",
      "name": "asp",
      "provider": "provider[\"registry.terraform.io/hashicorp/azurerm\"]",
      "instances": [
        {
          "schema_version": 0,
          "attributes": {
            "app_service_environment_id": "",
            "id": "/subscriptions/71114d4d-f492-4644-a495-c88d5bcd6db4/resourceGroups/rg-webapp2/providers/Microsoft.Web/serverfarms/pavan0805-webapp2-asp-asp",
            "is_xenon": false,
            "kind": "Windows",
            "location": "westus",
            "maximum_elastic_worker_count": 1,
            "maximum_number_of_workers": 3,
            "name": "pavan0805-webapp2-asp-asp",
            "per_site_scaling": false,
            "reserved": false,
            "resource_group_name": "rg-webapp2",
            "sku": [
              {
                "capacity": 1,
                "size": "B1",
                "tier": "Basic"
              }
            ],
            "tags": {},
            "timeouts": null,
            "zone_redundant": false
          },
          "sensitive_attributes": [],
          "private": "eyJlMmJmYjczMC1lY2FhLTExZTYtOGY4OC0zNDM2M2JjN2M0YzAiOnsiY3JlYXRlIjozNjAwMDAwMDAwMDAwLCJkZWxldGUiOjM2MDAwMDAwMDAwMDAsInJlYWQiOjMwMDAwMDAwMDAwMCwidXBkYXRlIjozNjAwMDAwMDAwMDAwfX0=",
          "dependencies": [
            "module.resource_group_webapp2.azurerm_resource_group.rg"
          ]
        }
      ]
    },
    {
      "module": "module.resource_group_traffic_manager",
      "mode": "managed",
      "type": "azurerm_resource_group",
      "name": "rg",
      "provider": "provider[\"registry.terraform.io/hashicorp/azurerm\"]",
      "instances": [
        {
          "schema_version": 0,
          "attributes": {
            "id": "/subscriptions/71114d4d-f492-4644-a495-c88d5bcd6db4/resourceGroups/rg-trafficmanager",
            "location": "centralus",
            "managed_by": "",
            "name": "rg-trafficmanager",
            "tags": null,
            "timeouts": null
          },
          "sensitive_attributes": [],
          "private": "eyJlMmJmYjczMC1lY2FhLTExZTYtOGY4OC0zNDM2M2JjN2M0YzAiOnsiY3JlYXRlIjo1NDAwMDAwMDAwMDAwLCJkZWxldGUiOjU0MDAwMDAwMDAwMDAsInJlYWQiOjMwMDAwMDAwMDAwMCwidXBkYXRlIjo1NDAwMDAwMDAwMDAwfX0="
        }
      ]
    },
    {
      "module": "module.resource_group_webapp1",
      "mode": "managed",
      "type": "azurerm_resource_group",
      "name": "rg",
      "provider": "provider[\"registry.terraform.io/hashicorp/azurerm\"]",
      "instances": [
        {
          "schema_version": 0,
          "attributes": {
            "id": "/subscriptions/71114d4d-f492-4644-a495-c88d5bcd6db4/resourceGroups/rg-webapp1",
            "location": "eastus",
            "managed_by": "",
            "name": "rg-webapp1",
            "tags": {},
            "timeouts": null
          },
          "sensitive_attributes": [],
          "private": "eyJlMmJmYjczMC1lY2FhLTExZTYtOGY4OC0zNDM2M2JjN2M0YzAiOnsiY3JlYXRlIjo1NDAwMDAwMDAwMDAwLCJkZWxldGUiOjU0MDAwMDAwMDAwMDAsInJlYWQiOjMwMDAwMDAwMDAwMCwidXBkYXRlIjo1NDAwMDAwMDAwMDAwfX0="
        }
      ]
    },
    {
      "module": "module.resource_group_webapp2",
      "mode": "managed",
      "type": "azurerm_resource_group",
      "name": "rg",
      "provider": "provider[\"registry.terraform.io/hashicorp/azurerm\"]",
      "instances": [
        {
          "schema_version": 0,
          "attributes": {
            "id": "/subscriptions/71114d4d-f492-4644-a495-c88d5bcd6db4/resourceGroups/rg-webapp2",
            "location": "westus",
            "managed_by": "",
            "name": "rg-webapp2",
            "tags": {},
            "timeouts": null
          },
          "sensitive_attributes": [],
          "private": "eyJlMmJmYjczMC1lY2FhLTExZTYtOGY4OC0zNDM2M2JjN2M0YzAiOnsiY3JlYXRlIjo1NDAwMDAwMDAwMDAwLCJkZWxldGUiOjU0MDAwMDAwMDAwMDAsInJlYWQiOjMwMDAwMDAwMDAwMCwidXBkYXRlIjo1NDAwMDAwMDAwMDAwfX0="
        }
      ]
    },
    {
      "module": "module.traffic_manager",
      "mode": "managed",
      "type": "azurerm_traffic_manager_azure_endpoint",
      "name": "tm-endpoint-east",
      "provider": "provider[\"registry.terraform.io/hashicorp/azurerm\"]",
      "instances": [
        {
          "schema_version": 0,
          "attributes": {
            "custom_header": [],
            "enabled": true,
            "geo_mappings": null,
            "id": "/subscriptions/71114d4d-f492-4644-a495-c88d5bcd6db4/resourceGroups/rg-trafficmanager/providers/Microsoft.Network/trafficManagerProfiles/pavan-tf-5588/AzureEndpoints/pavan0805-webapp1",
            "name": "pavan0805-webapp1",
            "priority": 1,
            "profile_id": "/subscriptions/71114d4d-f492-4644-a495-c88d5bcd6db4/resourceGroups/rg-trafficmanager/providers/Microsoft.Network/trafficManagerProfiles/pavan-tf-5588",
            "subnet": [],
            "target_resource_id": "/subscriptions/71114d4d-f492-4644-a495-c88d5bcd6db4/resourceGroups/rg-webapp1/providers/Microsoft.Web/sites/pavan0805-webapp1",
            "timeouts": null,
            "weight": 1
          },
          "sensitive_attributes": [],
          "private": "eyJlMmJmYjczMC1lY2FhLTExZTYtOGY4OC0zNDM2M2JjN2M0YzAiOnsiY3JlYXRlIjoxODAwMDAwMDAwMDAwLCJkZWxldGUiOjE4MDAwMDAwMDAwMDAsInJlYWQiOjMwMDAwMDAwMDAwMCwidXBkYXRlIjoxODAwMDAwMDAwMDAwfX0=",
          "dependencies": [
            "module.appservice_plan_webapp1.azurerm_app_service_plan.asp",
            "module.resource_group_traffic_manager.azurerm_resource_group.rg",
            "module.resource_group_webapp1.azurerm_resource_group.rg",
            "module.resource_group_webapp2.azurerm_resource_group.rg",
            "module.traffic_manager.azurerm_traffic_manager_profile.tm",
            "module.webapp1.azurerm_windows_web_app.app"
          ]
        }
      ]
    },
    {
      "module": "module.traffic_manager",
      "mode": "managed",
      "type": "azurerm_traffic_manager_azure_endpoint",
      "name": "tm-endpoint-west",
      "provider": "provider[\"registry.terraform.io/hashicorp/azurerm\"]",
      "instances": [
        {
          "schema_version": 0,
          "attributes": {
            "custom_header": [],
            "enabled": true,
            "geo_mappings": null,
            "id": "/subscriptions/71114d4d-f492-4644-a495-c88d5bcd6db4/resourceGroups/rg-trafficmanager/providers/Microsoft.Network/trafficManagerProfiles/pavan-tf-5588/AzureEndpoints/pavan0805-webapp1",
            "name": "pavan0805-webapp1",
            "priority": 2,
            "profile_id": "/subscriptions/71114d4d-f492-4644-a495-c88d5bcd6db4/resourceGroups/rg-trafficmanager/providers/Microsoft.Network/trafficManagerProfiles/pavan-tf-5588",
            "subnet": [],
            "target_resource_id": "/subscriptions/71114d4d-f492-4644-a495-c88d5bcd6db4/resourceGroups/rg-webapp2/providers/Microsoft.Web/sites/pavan0805-webapp2",
            "timeouts": null,
            "weight": 1
          },
          "sensitive_attributes": [],
          "private": "eyJlMmJmYjczMC1lY2FhLTExZTYtOGY4OC0zNDM2M2JjN2M0YzAiOnsiY3JlYXRlIjoxODAwMDAwMDAwMDAwLCJkZWxldGUiOjE4MDAwMDAwMDAwMDAsInJlYWQiOjMwMDAwMDAwMDAwMCwidXBkYXRlIjoxODAwMDAwMDAwMDAwfX0=",
          "dependencies": [
            "module.appservice_plan_webapp2.azurerm_app_service_plan.asp",
            "module.resource_group_traffic_manager.azurerm_resource_group.rg",
            "module.resource_group_webapp1.azurerm_resource_group.rg",
            "module.resource_group_webapp2.azurerm_resource_group.rg",
            "module.traffic_manager.azurerm_traffic_manager_profile.tm",
            "module.webapp2.azurerm_windows_web_app.app"
          ]
        }
      ]
    },
    {
      "module": "module.traffic_manager",
      "mode": "managed",
      "type": "azurerm_traffic_manager_profile",
      "name": "tm",
      "provider": "provider[\"registry.terraform.io/hashicorp/azurerm\"]",
      "instances": [
        {
          "schema_version": 0,
          "attributes": {
            "dns_config": [
              {
                "relative_name": "pavan-tf-5588",
                "ttl": 60
              }
            ],
            "fqdn": "pavan-tf-5588.trafficmanager.net",
            "id": "/subscriptions/71114d4d-f492-4644-a495-c88d5bcd6db4/resourceGroups/rg-trafficmanager/providers/Microsoft.Network/trafficManagerProfiles/pavan-tf-5588",
            "max_return": 0,
            "monitor_config": [
              {
                "custom_header": [],
                "expected_status_code_ranges": null,
                "interval_in_seconds": 30,
                "path": "/",
                "port": 80,
                "protocol": "HTTP",
                "timeout_in_seconds": 10,
                "tolerated_number_of_failures": 3
              }
            ],
            "name": "pavan-tf-5588",
            "profile_status": "Enabled",
            "resource_group_name": "rg-trafficmanager",
            "tags": null,
            "timeouts": null,
            "traffic_routing_method": "Priority",
            "traffic_view_enabled": false
          },
          "sensitive_attributes": [],
          "private": "eyJlMmJmYjczMC1lY2FhLTExZTYtOGY4OC0zNDM2M2JjN2M0YzAiOnsiY3JlYXRlIjoxODAwMDAwMDAwMDAwLCJkZWxldGUiOjE4MDAwMDAwMDAwMDAsInJlYWQiOjMwMDAwMDAwMDAwMCwidXBkYXRlIjoxODAwMDAwMDAwMDAwfX0=",
          "dependencies": [
            "module.resource_group_traffic_manager.azurerm_resource_group.rg",
            "module.resource_group_webapp1.azurerm_resource_group.rg",
            "module.resource_group_webapp2.azurerm_resource_group.rg"
          ]
        }
      ]
    },
    {
      "module": "module.webapp1",
      "mode": "managed",
      "type": "azurerm_windows_web_app",
      "name": "app",
      "provider": "provider[\"registry.terraform.io/hashicorp/azurerm\"]",
      "instances": [
        {
          "schema_version": 0,
          "attributes": {
            "app_settings": {},
            "auth_settings": [],
            "auth_settings_v2": [],
            "backup": [],
            "client_affinity_enabled": false,
            "client_certificate_enabled": false,
            "client_certificate_exclusion_paths": "",
            "client_certificate_mode": "Required",
            "connection_string": [],
            "custom_domain_verification_id": "D914C07F14D0A40A34663C491A1DB353588AA2B9582094C6FEFE437B69F87C41",
            "default_hostname": "pavan0805-webapp1.azurewebsites.net",
            "enabled": true,
            "ftp_publish_basic_authentication_enabled": true,
            "hosting_environment_id": "",
            "https_only": false,
            "id": "/subscriptions/71114d4d-f492-4644-a495-c88d5bcd6db4/resourceGroups/rg-webapp1/providers/Microsoft.Web/sites/pavan0805-webapp1",
            "identity": [],
            "key_vault_reference_identity_id": "SystemAssigned",
            "kind": "app",
            "location": "eastus",
            "logs": [],
            "name": "pavan0805-webapp1",
            "outbound_ip_address_list": [
              "20.85.138.93",
              "20.85.140.94",
              "20.85.140.145",
              "20.85.140.146",
              "20.85.140.226",
              "20.85.141.38",
              "20.119.16.33"
            ],
            "outbound_ip_addresses": "20.85.138.93,20.85.140.94,20.85.140.145,20.85.140.146,20.85.140.226,20.85.141.38,20.119.16.33",
            "possible_outbound_ip_address_list": [
              "20.85.138.93",
              "20.85.140.94",
              "20.85.140.145",
              "20.85.140.146",
              "20.85.140.226",
              "20.85.141.38",
              "20.85.142.4",
              "20.85.142.25",
              "20.85.142.128",
              "20.85.142.203",
              "20.85.142.218",
              "20.85.140.170",
              "20.85.143.131",
              "20.85.143.137",
              "20.124.56.47",
              "20.124.57.180",
              "20.124.57.210",
              "20.124.58.55",
              "20.124.58.109",
              "20.124.58.148",
              "20.124.58.159",
              "20.124.58.174",
              "20.124.59.60",
              "20.124.60.90",
              "20.124.60.246",
              "20.124.60.250",
              "20.124.61.0",
              "20.124.61.36",
              "20.124.61.69",
              "20.124.61.177",
              "20.119.16.33"
            ],
            "possible_outbound_ip_addresses": "20.85.138.93,20.85.140.94,20.85.140.145,20.85.140.146,20.85.140.226,20.85.141.38,20.85.142.4,20.85.142.25,20.85.142.128,20.85.142.203,20.85.142.218,20.85.140.170,20.85.143.131,20.85.143.137,20.124.56.47,20.124.57.180,20.124.57.210,20.124.58.55,20.124.58.109,20.124.58.148,20.124.58.159,20.124.58.174,20.124.59.60,20.124.60.90,20.124.60.246,20.124.60.250,20.124.61.0,20.124.61.36,20.124.61.69,20.124.61.177,20.119.16.33",
            "public_network_access_enabled": true,
            "resource_group_name": "rg-webapp1",
            "service_plan_id": "/subscriptions/71114d4d-f492-4644-a495-c88d5bcd6db4/resourceGroups/rg-webapp1/providers/Microsoft.Web/serverfarms/pavan0805-webapp1-asp-asp",
            "site_config": [
              {
                "always_on": true,
                "api_definition_url": "",
                "api_management_api_id": "",
                "app_command_line": "",
                "application_stack": [
                  {
                    "current_stack": "",
                    "docker_container_name": "",
                    "docker_container_registry": "",
                    "docker_container_tag": "",
                    "docker_image_name": "",
                    "docker_registry_password": "",
                    "docker_registry_url": "",
                    "docker_registry_username": "",
                    "dotnet_core_version": "",
                    "dotnet_version": "v4.0",
                    "java_container": "",
                    "java_container_version": "",
                    "java_embedded_server_enabled": false,
                    "java_version": "",
                    "node_version": "",
                    "php_version": "5.6",
                    "python": false,
                    "python_version": "",
                    "tomcat_version": ""
                  }
                ],
                "auto_heal_enabled": false,
                "auto_heal_setting": [],
                "container_registry_managed_identity_client_id": "",
                "container_registry_use_managed_identity": false,
                "cors": [],
                "default_documents": [
                  "Default.htm",
                  "Default.html",
                  "Default.asp",
                  "index.htm",
                  "index.html",
                  "iisstart.htm",
                  "default.aspx",
                  "index.php",
                  "hostingstart.html"
                ],
                "detailed_error_logging_enabled": false,
                "ftps_state": "Disabled",
                "health_check_eviction_time_in_min": 0,
                "health_check_path": "",
                "http2_enabled": false,
                "ip_restriction": [],
                "linux_fx_version": "",
                "load_balancing_mode": "LeastRequests",
                "local_mysql_enabled": false,
                "managed_pipeline_mode": "Integrated",
                "minimum_tls_version": "1.2",
                "remote_debugging_enabled": false,
                "remote_debugging_version": "VS2019",
                "scm_ip_restriction": [],
                "scm_minimum_tls_version": "1.2",
                "scm_type": "None",
                "scm_use_main_ip_restriction": false,
                "use_32_bit_worker": true,
                "virtual_application": [],
                "vnet_route_all_enabled": false,
                "websockets_enabled": false,
                "windows_fx_version": "",
                "worker_count": 1
              }
            ],
            "site_credential": [
              {
                "name": "$pavan0805-webapp1",
                "password": "i4v9eKWradmfd05tsFF5tDQdvjDXq3BmxiYRWfDhsncFBmy75i1fjwXzXe2Y"
              }
            ],
            "sticky_settings": [],
            "storage_account": [],
            "tags": {},
            "timeouts": null,
            "virtual_network_subnet_id": "",
            "webdeploy_publish_basic_authentication_enabled": true,
            "zip_deploy_file": ""
          },
          "sensitive_attributes": [],
          "private": "eyJlMmJmYjczMC1lY2FhLTExZTYtOGY4OC0zNDM2M2JjN2M0YzAiOnsiY3JlYXRlIjoxODAwMDAwMDAwMDAwLCJkZWxldGUiOjE4MDAwMDAwMDAwMDAsInJlYWQiOjMwMDAwMDAwMDAwMCwidXBkYXRlIjoxODAwMDAwMDAwMDAwfX0=",
          "dependencies": [
            "module.appservice_plan_webapp1.azurerm_app_service_plan.asp",
            "module.resource_group_webapp1.azurerm_resource_group.rg"
          ]
        }
      ]
    },
    {
      "module": "module.webapp2",
      "mode": "managed",
      "type": "azurerm_windows_web_app",
      "name": "app",
      "provider": "provider[\"registry.terraform.io/hashicorp/azurerm\"]",
      "instances": [
        {
          "schema_version": 0,
          "attributes": {
            "app_settings": {},
            "auth_settings": [],
            "auth_settings_v2": [],
            "backup": [],
            "client_affinity_enabled": false,
            "client_certificate_enabled": false,
            "client_certificate_exclusion_paths": "",
            "client_certificate_mode": "Required",
            "connection_string": [],
            "custom_domain_verification_id": "D914C07F14D0A40A34663C491A1DB353588AA2B9582094C6FEFE437B69F87C41",
            "default_hostname": "pavan0805-webapp2.azurewebsites.net",
            "enabled": true,
            "ftp_publish_basic_authentication_enabled": true,
            "hosting_environment_id": "",
            "https_only": false,
            "id": "/subscriptions/71114d4d-f492-4644-a495-c88d5bcd6db4/resourceGroups/rg-webapp2/providers/Microsoft.Web/sites/pavan0805-webapp2",
            "identity": [],
            "key_vault_reference_identity_id": "SystemAssigned",
            "kind": "app",
            "location": "westus",
            "logs": [],
            "name": "pavan0805-webapp2",
            "outbound_ip_address_list": [
              "20.245.97.201",
              "20.245.98.53",
              "20.245.98.157",
              "20.245.98.166",
              "20.245.98.182",
              "20.245.98.220",
              "40.112.243.104"
            ],
            "outbound_ip_addresses": "20.245.97.201,20.245.98.53,20.245.98.157,20.245.98.166,20.245.98.182,20.245.98.220,40.112.243.104",
            "possible_outbound_ip_address_list": [
              "20.245.97.201",
              "20.245.98.53",
              "20.245.98.157",
              "20.245.98.166",
              "20.245.98.182",
              "20.245.98.220",
              "20.245.97.7",
              "20.245.98.244",
              "20.245.99.1",
              "20.245.99.15",
              "20.245.96.173",
              "20.245.99.52",
              "20.245.99.129",
              "20.245.99.139",
              "20.245.99.142",
              "20.245.96.31",
              "20.245.100.111",
              "20.245.100.144",
              "20.245.100.148",
              "20.245.100.182",
              "20.245.100.237",
              "20.245.101.69",
              "20.245.101.202",
              "20.245.101.226",
              "20.245.101.238",
              "20.245.102.98",
              "20.245.102.100",
              "20.245.98.195",
              "20.245.102.133",
              "20.245.102.210",
              "40.112.243.104"
            ],
            "possible_outbound_ip_addresses": "20.245.97.201,20.245.98.53,20.245.98.157,20.245.98.166,20.245.98.182,20.245.98.220,20.245.97.7,20.245.98.244,20.245.99.1,20.245.99.15,20.245.96.173,20.245.99.52,20.245.99.129,20.245.99.139,20.245.99.142,20.245.96.31,20.245.100.111,20.245.100.144,20.245.100.148,20.245.100.182,20.245.100.237,20.245.101.69,20.245.101.202,20.245.101.226,20.245.101.238,20.245.102.98,20.245.102.100,20.245.98.195,20.245.102.133,20.245.102.210,40.112.243.104",
            "public_network_access_enabled": true,
            "resource_group_name": "rg-webapp2",
            "service_plan_id": "/subscriptions/71114d4d-f492-4644-a495-c88d5bcd6db4/resourceGroups/rg-webapp2/providers/Microsoft.Web/serverfarms/pavan0805-webapp2-asp-asp",
            "site_config": [
              {
                "always_on": true,
                "api_definition_url": "",
                "api_management_api_id": "",
                "app_command_line": "",
                "application_stack": [
                  {
                    "current_stack": "",
                    "docker_container_name": "",
                    "docker_container_registry": "",
                    "docker_container_tag": "",
                    "docker_image_name": "",
                    "docker_registry_password": "",
                    "docker_registry_url": "",
                    "docker_registry_username": "",
                    "dotnet_core_version": "",
                    "dotnet_version": "v4.0",
                    "java_container": "",
                    "java_container_version": "",
                    "java_embedded_server_enabled": false,
                    "java_version": "",
                    "node_version": "",
                    "php_version": "5.6",
                    "python": false,
                    "python_version": "",
                    "tomcat_version": ""
                  }
                ],
                "auto_heal_enabled": false,
                "auto_heal_setting": [],
                "container_registry_managed_identity_client_id": "",
                "container_registry_use_managed_identity": false,
                "cors": [],
                "default_documents": [
                  "Default.htm",
                  "Default.html",
                  "Default.asp",
                  "index.htm",
                  "index.html",
                  "iisstart.htm",
                  "default.aspx",
                  "index.php",
                  "hostingstart.html"
                ],
                "detailed_error_logging_enabled": false,
                "ftps_state": "Disabled",
                "health_check_eviction_time_in_min": 0,
                "health_check_path": "",
                "http2_enabled": false,
                "ip_restriction": [],
                "linux_fx_version": "",
                "load_balancing_mode": "LeastRequests",
                "local_mysql_enabled": false,
                "managed_pipeline_mode": "Integrated",
                "minimum_tls_version": "1.2",
                "remote_debugging_enabled": false,
                "remote_debugging_version": "VS2019",
                "scm_ip_restriction": [],
                "scm_minimum_tls_version": "1.2",
                "scm_type": "None",
                "scm_use_main_ip_restriction": false,
                "use_32_bit_worker": true,
                "virtual_application": [],
                "vnet_route_all_enabled": false,
                "websockets_enabled": false,
                "windows_fx_version": "",
                "worker_count": 1
              }
            ],
            "site_credential": [
              {
                "name": "$pavan0805-webapp2",
                "password": "oByCkaN1Q7kH4CkpDMAYX8cvNqzuSC9NLksCCsvQKxnGrk44ZshZ2HiCExBP"
              }
            ],
            "sticky_settings": [],
            "storage_account": [],
            "tags": {},
            "timeouts": null,
            "virtual_network_subnet_id": "",
            "webdeploy_publish_basic_authentication_enabled": true,
            "zip_deploy_file": ""
          },
          "sensitive_attributes": [],
          "private": "eyJlMmJmYjczMC1lY2FhLTExZTYtOGY4OC0zNDM2M2JjN2M0YzAiOnsiY3JlYXRlIjoxODAwMDAwMDAwMDAwLCJkZWxldGUiOjE4MDAwMDAwMDAwMDAsInJlYWQiOjMwMDAwMDAwMDAwMCwidXBkYXRlIjoxODAwMDAwMDAwMDAwfX0=",
          "dependencies": [
            "module.appservice_plan_webapp2.azurerm_app_service_plan.asp",
            "module.resource_group_webapp2.azurerm_resource_group.rg"
          ]
        }
      ]
    }
  ],
  "check_results": null
}
